# THIS IS AN AUTOGENERATED FILE. DO NOT EDIT THIS FILE DIRECTLY.
# yarn lockfile v1


react-truncate@^2.4.0:
  version "2.4.0"
  resolved "https://registry.yarnpkg.com/react-truncate/-/react-truncate-2.4.0.tgz#3cf5ff09ab86f93e3c078d359f4de6d75aa60510"
  integrity sha512-3QW11/COYwi6iPUaunUhl06DW5NJBJD1WkmxW5YxqqUu6kvP+msB3jfoLg8WRbu57JqgebjVW8Lknw6T5/QZdA==
